
Microsoft Visual Studio Solution File, Format Version 12.00
# Visual Studio Version 17
VisualStudioVersion = 17.12.35707.178 d17.12
MinimumVisualStudioVersion = 10.0.40219.1
Project("{FAE04EC0-301F-11D3-BF4B-00C04F79EFBC}") = "EtapaDeJuicio.GestorDeAudiencias", "EtapaDeJuicio.GestorDeAudiencias.csproj", "{5FADAD71-EC1B-4089-A307-2BE2D9A08551}"
EndProject
Project("{FAE04EC0-301F-11D3-BF4B-00C04F79EFBC}") = "EtapaDeJuicio.Domain.Tests", "..\EtapaDeJuicioTests\EtapaDeJuicio.Domain.Tests.csproj", "{F40E3A5B-D40F-455D-98D5-699EFE619DC1}"
EndProject
Project("{FAE04EC0-301F-11D3-BF4B-00C04F79EFBC}") = "EtapaDeJuicio.GestorDeUsuario", "..\GestorDeUsuario\EtapaDeJuicio.GestorDeUsuario.csproj", "{555A7EBB-72A9-4818-92DF-3A90683EEE7A}"
EndProject
Project("{FAE04EC0-301F-11D3-BF4B-00C04F79EFBC}") = "EtapaDeJuicio.GestorDePruebas", "..\GestorDePruebas\EtapaDeJuicio.GestorDePruebas.csproj", "{23CD4C52-6736-49F7-AF80-E626F662F8E5}"
EndProject
Project("{FAE04EC0-301F-11D3-BF4B-00C04F79EFBC}") = "EtapaDeJuicio.GestorDeSentencias", "..\GestorDeSentencias\EtapaDeJuicio.GestorDeSentencias.csproj", "{D7AF7DB4-D11D-43A0-ADB5-4530C30C2EE7}"
EndProject
Project("{2150E333-8FDC-42A3-9474-1A3956D46DE8}") = "src", "src", "{4B12ED87-FE90-49F1-9723-F3110ACA7D90}"
EndProject
Project("{FAE04EC0-301F-11D3-BF4B-00C04F79EFBC}") = "EtapaDeJuicio.Application", "..\EtapaDeJuicio.Application\EtapaDeJuicio.Application.csproj", "{891546A0-98B7-489C-A8F5-C8B11A640867}"
EndProject
Project("{FAE04EC0-301F-11D3-BF4B-00C04F79EFBC}") = "EtapaDeJuicio.Domain", "..\EtapaDeJuicio.Domain\EtapaDeJuicio.Domain.csproj", "{8461ACA0-B195-475D-9A01-11C2EA76F64E}"
EndProject
Project("{FAE04EC0-301F-11D3-BF4B-00C04F79EFBC}") = "EtapaDeJuicio.Infraestructure", "..\EtapaDeJuicio.Infraestructure\EtapaDeJuicio.Infraestructure.csproj", "{DF296397-7518-4692-8F7A-AE193EB8C868}"
EndProject
Project("{2150E333-8FDC-42A3-9474-1A3956D46DE8}") = "tests", "tests", "{B7B2A75C-68F2-49A3-93C7-5CB49532C010}"
EndProject
Project("{FAE04EC0-301F-11D3-BF4B-00C04F79EFBC}") = "EtapaDeJuicio.Application.Tests", "..\EtapaDeJuicio.Application.Tests\EtapaDeJuicio.Application.Tests.csproj", "{D33E872E-9C86-44F7-AA2E-C2EE15A10AF4}"
EndProject
Project("{FAE04EC0-301F-11D3-BF4B-00C04F79EFBC}") = "EtapaDeJuicio.Infraestructure.Tests", "..\EtapaDeJuicio.Infraestructure.Tests\EtapaDeJuicio.Infraestructure.Tests.csproj", "{A32C2EDC-4B58-465A-BC6A-36DD2D16D9BB}"
EndProject
Project("{FAE04EC0-301F-11D3-BF4B-00C04F79EFBC}") = "EtapaDeJuicio.API.Tests", "..\EtapaDeJuicio.API.Tests\EtapaDeJuicio.API.Tests.csproj", "{C38F8722-8C1D-497B-9242-23720005CE72}"
EndProject
Project("{FAE04EC0-301F-11D3-BF4B-00C04F79EFBC}") = "EtapaDeJuicio.Integration.Tests", "..\EtapaDeJuicio.Integration.Tests\EtapaDeJuicio.Integration.Tests.csproj", "{7FECEE5E-B611-4819-AE64-55EDE16D9243}"
EndProject
Project("{2150E333-8FDC-42A3-9474-1A3956D46DE8}") = "Core", "Core", "{E5D25AF6-B413-46E4-918F-C7ABF2CF7224}"
EndProject
Project("{FAE04EC0-301F-11D3-BF4B-00C04F79EFBC}") = "EtapaDeJuicio.SharedKernel", "..\EtapaDeJuicio.SharedKernel\EtapaDeJuicio.SharedKernel.csproj", "{A5A5886A-6EB1-4C6E-A588-3D0F394BC90C}"
EndProject
Project("{2150E333-8FDC-42A3-9474-1A3956D46DE8}") = "Infraestructure", "Infraestructure", "{0921E846-E15E-438C-8A00-559E259ACEF7}"
EndProject
Project("{2150E333-8FDC-42A3-9474-1A3956D46DE8}") = "Microservices", "Microservices", "{36E3610A-04BF-4E25-B1C5-B0380264F2FB}"
EndProject
Project("{FAE04EC0-301F-11D3-BF4B-00C04F79EFBC}") = "EtapaDeJuicio.GestorDeInterrogatorios", "..\EtapaDeJuicio.GestorDeInterrogatorios\EtapaDeJuicio.GestorDeInterrogatorios.csproj", "{EBB38B9C-A924-48BB-894F-4AC1BA0941AE}"
EndProject
Project("{FAE04EC0-301F-11D3-BF4B-00C04F79EFBC}") = "EtapaDeJuicio.API.Gateway", "..\EtapaDeJuicio.API.Gateway\EtapaDeJuicio.API.Gateway.csproj", "{DA23E4B5-FC4F-44E2-A925-653D20BC6AC2}"
EndProject
Global
	GlobalSection(SolutionConfigurationPlatforms) = preSolution
		Debug|Any CPU = Debug|Any CPU
		Release|Any CPU = Release|Any CPU
	EndGlobalSection
	GlobalSection(ProjectConfigurationPlatforms) = postSolution
		{5FADAD71-EC1B-4089-A307-2BE2D9A08551}.Debug|Any CPU.ActiveCfg = Debug|Any CPU
		{5FADAD71-EC1B-4089-A307-2BE2D9A08551}.Debug|Any CPU.Build.0 = Debug|Any CPU
		{5FADAD71-EC1B-4089-A307-2BE2D9A08551}.Release|Any CPU.ActiveCfg = Release|Any CPU
		{5FADAD71-EC1B-4089-A307-2BE2D9A08551}.Release|Any CPU.Build.0 = Release|Any CPU
		{F40E3A5B-D40F-455D-98D5-699EFE619DC1}.Debug|Any CPU.ActiveCfg = Debug|Any CPU
		{F40E3A5B-D40F-455D-98D5-699EFE619DC1}.Debug|Any CPU.Build.0 = Debug|Any CPU
		{F40E3A5B-D40F-455D-98D5-699EFE619DC1}.Release|Any CPU.ActiveCfg = Release|Any CPU
		{F40E3A5B-D40F-455D-98D5-699EFE619DC1}.Release|Any CPU.Build.0 = Release|Any CPU
		{555A7EBB-72A9-4818-92DF-3A90683EEE7A}.Debug|Any CPU.ActiveCfg = Debug|Any CPU
		{555A7EBB-72A9-4818-92DF-3A90683EEE7A}.Debug|Any CPU.Build.0 = Debug|Any CPU
		{555A7EBB-72A9-4818-92DF-3A90683EEE7A}.Release|Any CPU.ActiveCfg = Release|Any CPU
		{555A7EBB-72A9-4818-92DF-3A90683EEE7A}.Release|Any CPU.Build.0 = Release|Any CPU
		{23CD4C52-6736-49F7-AF80-E626F662F8E5}.Debug|Any CPU.ActiveCfg = Debug|Any CPU
		{23CD4C52-6736-49F7-AF80-E626F662F8E5}.Debug|Any CPU.Build.0 = Debug|Any CPU
		{23CD4C52-6736-49F7-AF80-E626F662F8E5}.Release|Any CPU.ActiveCfg = Release|Any CPU
		{23CD4C52-6736-49F7-AF80-E626F662F8E5}.Release|Any CPU.Build.0 = Release|Any CPU
		{D7AF7DB4-D11D-43A0-ADB5-4530C30C2EE7}.Debug|Any CPU.ActiveCfg = Debug|Any CPU
		{D7AF7DB4-D11D-43A0-ADB5-4530C30C2EE7}.Debug|Any CPU.Build.0 = Debug|Any CPU
		{D7AF7DB4-D11D-43A0-ADB5-4530C30C2EE7}.Release|Any CPU.ActiveCfg = Release|Any CPU
		{D7AF7DB4-D11D-43A0-ADB5-4530C30C2EE7}.Release|Any CPU.Build.0 = Release|Any CPU
		{891546A0-98B7-489C-A8F5-C8B11A640867}.Debug|Any CPU.ActiveCfg = Debug|Any CPU
		{891546A0-98B7-489C-A8F5-C8B11A640867}.Debug|Any CPU.Build.0 = Debug|Any CPU
		{891546A0-98B7-489C-A8F5-C8B11A640867}.Release|Any CPU.ActiveCfg = Release|Any CPU
		{891546A0-98B7-489C-A8F5-C8B11A640867}.Release|Any CPU.Build.0 = Release|Any CPU
		{8461ACA0-B195-475D-9A01-11C2EA76F64E}.Debug|Any CPU.ActiveCfg = Debug|Any CPU
		{8461ACA0-B195-475D-9A01-11C2EA76F64E}.Debug|Any CPU.Build.0 = Debug|Any CPU
		{8461ACA0-B195-475D-9A01-11C2EA76F64E}.Release|Any CPU.ActiveCfg = Release|Any CPU
		{8461ACA0-B195-475D-9A01-11C2EA76F64E}.Release|Any CPU.Build.0 = Release|Any CPU
		{DF296397-7518-4692-8F7A-AE193EB8C868}.Debug|Any CPU.ActiveCfg = Debug|Any CPU
		{DF296397-7518-4692-8F7A-AE193EB8C868}.Debug|Any CPU.Build.0 = Debug|Any CPU
		{DF296397-7518-4692-8F7A-AE193EB8C868}.Release|Any CPU.ActiveCfg = Release|Any CPU
		{DF296397-7518-4692-8F7A-AE193EB8C868}.Release|Any CPU.Build.0 = Release|Any CPU
		{D33E872E-9C86-44F7-AA2E-C2EE15A10AF4}.Debug|Any CPU.ActiveCfg = Debug|Any CPU
		{D33E872E-9C86-44F7-AA2E-C2EE15A10AF4}.Debug|Any CPU.Build.0 = Debug|Any CPU
		{D33E872E-9C86-44F7-AA2E-C2EE15A10AF4}.Release|Any CPU.ActiveCfg = Release|Any CPU
		{D33E872E-9C86-44F7-AA2E-C2EE15A10AF4}.Release|Any CPU.Build.0 = Release|Any CPU
		{A32C2EDC-4B58-465A-BC6A-36DD2D16D9BB}.Debug|Any CPU.ActiveCfg = Debug|Any CPU
		{A32C2EDC-4B58-465A-BC6A-36DD2D16D9BB}.Debug|Any CPU.Build.0 = Debug|Any CPU
		{A32C2EDC-4B58-465A-BC6A-36DD2D16D9BB}.Release|Any CPU.ActiveCfg = Release|Any CPU
		{A32C2EDC-4B58-465A-BC6A-36DD2D16D9BB}.Release|Any CPU.Build.0 = Release|Any CPU
		{C38F8722-8C1D-497B-9242-23720005CE72}.Debug|Any CPU.ActiveCfg = Debug|Any CPU
		{C38F8722-8C1D-497B-9242-23720005CE72}.Debug|Any CPU.Build.0 = Debug|Any CPU
		{C38F8722-8C1D-497B-9242-23720005CE72}.Release|Any CPU.ActiveCfg = Release|Any CPU
		{C38F8722-8C1D-497B-9242-23720005CE72}.Release|Any CPU.Build.0 = Release|Any CPU
		{7FECEE5E-B611-4819-AE64-55EDE16D9243}.Debug|Any CPU.ActiveCfg = Debug|Any CPU
		{7FECEE5E-B611-4819-AE64-55EDE16D9243}.Debug|Any CPU.Build.0 = Debug|Any CPU
		{7FECEE5E-B611-4819-AE64-55EDE16D9243}.Release|Any CPU.ActiveCfg = Release|Any CPU
		{7FECEE5E-B611-4819-AE64-55EDE16D9243}.Release|Any CPU.Build.0 = Release|Any CPU
		{A5A5886A-6EB1-4C6E-A588-3D0F394BC90C}.Debug|Any CPU.ActiveCfg = Debug|Any CPU
		{A5A5886A-6EB1-4C6E-A588-3D0F394BC90C}.Debug|Any CPU.Build.0 = Debug|Any CPU
		{A5A5886A-6EB1-4C6E-A588-3D0F394BC90C}.Release|Any CPU.ActiveCfg = Release|Any CPU
		{A5A5886A-6EB1-4C6E-A588-3D0F394BC90C}.Release|Any CPU.Build.0 = Release|Any CPU
		{EBB38B9C-A924-48BB-894F-4AC1BA0941AE}.Debug|Any CPU.ActiveCfg = Debug|Any CPU
		{EBB38B9C-A924-48BB-894F-4AC1BA0941AE}.Debug|Any CPU.Build.0 = Debug|Any CPU
		{EBB38B9C-A924-48BB-894F-4AC1BA0941AE}.Release|Any CPU.ActiveCfg = Release|Any CPU
		{EBB38B9C-A924-48BB-894F-4AC1BA0941AE}.Release|Any CPU.Build.0 = Release|Any CPU
		{DA23E4B5-FC4F-44E2-A925-653D20BC6AC2}.Debug|Any CPU.ActiveCfg = Debug|Any CPU
		{DA23E4B5-FC4F-44E2-A925-653D20BC6AC2}.Debug|Any CPU.Build.0 = Debug|Any CPU
		{DA23E4B5-FC4F-44E2-A925-653D20BC6AC2}.Release|Any CPU.ActiveCfg = Release|Any CPU
		{DA23E4B5-FC4F-44E2-A925-653D20BC6AC2}.Release|Any CPU.Build.0 = Release|Any CPU
	EndGlobalSection
	GlobalSection(SolutionProperties) = preSolution
		HideSolutionNode = FALSE
	EndGlobalSection
	GlobalSection(NestedProjects) = preSolution
		{5FADAD71-EC1B-4089-A307-2BE2D9A08551} = {36E3610A-04BF-4E25-B1C5-B0380264F2FB}
		{F40E3A5B-D40F-455D-98D5-699EFE619DC1} = {B7B2A75C-68F2-49A3-93C7-5CB49532C010}
		{555A7EBB-72A9-4818-92DF-3A90683EEE7A} = {36E3610A-04BF-4E25-B1C5-B0380264F2FB}
		{23CD4C52-6736-49F7-AF80-E626F662F8E5} = {36E3610A-04BF-4E25-B1C5-B0380264F2FB}
		{D7AF7DB4-D11D-43A0-ADB5-4530C30C2EE7} = {36E3610A-04BF-4E25-B1C5-B0380264F2FB}
		{891546A0-98B7-489C-A8F5-C8B11A640867} = {E5D25AF6-B413-46E4-918F-C7ABF2CF7224}
		{8461ACA0-B195-475D-9A01-11C2EA76F64E} = {E5D25AF6-B413-46E4-918F-C7ABF2CF7224}
		{DF296397-7518-4692-8F7A-AE193EB8C868} = {0921E846-E15E-438C-8A00-559E259ACEF7}
		{D33E872E-9C86-44F7-AA2E-C2EE15A10AF4} = {B7B2A75C-68F2-49A3-93C7-5CB49532C010}
		{A32C2EDC-4B58-465A-BC6A-36DD2D16D9BB} = {B7B2A75C-68F2-49A3-93C7-5CB49532C010}
		{C38F8722-8C1D-497B-9242-23720005CE72} = {B7B2A75C-68F2-49A3-93C7-5CB49532C010}
		{7FECEE5E-B611-4819-AE64-55EDE16D9243} = {B7B2A75C-68F2-49A3-93C7-5CB49532C010}
		{E5D25AF6-B413-46E4-918F-C7ABF2CF7224} = {4B12ED87-FE90-49F1-9723-F3110ACA7D90}
		{A5A5886A-6EB1-4C6E-A588-3D0F394BC90C} = {E5D25AF6-B413-46E4-918F-C7ABF2CF7224}
		{0921E846-E15E-438C-8A00-559E259ACEF7} = {4B12ED87-FE90-49F1-9723-F3110ACA7D90}
		{36E3610A-04BF-4E25-B1C5-B0380264F2FB} = {4B12ED87-FE90-49F1-9723-F3110ACA7D90}
		{EBB38B9C-A924-48BB-894F-4AC1BA0941AE} = {36E3610A-04BF-4E25-B1C5-B0380264F2FB}
		{DA23E4B5-FC4F-44E2-A925-653D20BC6AC2} = {0921E846-E15E-438C-8A00-559E259ACEF7}
	EndGlobalSection
EndGlobal
