
Microsoft Visual Studio Solution File, Format Version 12.00
# Visual Studio Version 17
VisualStudioVersion = 17.12.35707.178
MinimumVisualStudioVersion = 10.0.40219.1
Project("{2150E333-8FDC-42A3-9474-1A3956D46DE8}") = "src", "src", "{4B12ED87-FE90-49F1-9723-F3110ACA7D90}"
EndProject
Project("{2150E333-8FDC-42A3-9474-1A3956D46DE8}") = "tests", "tests", "{B7B2A75C-68F2-49A3-93C7-5CB49532C010}"
EndProject
Project("{2150E333-8FDC-42A3-9474-1A3956D46DE8}") = "Core", "Core", "{E5D25AF6-B413-46E4-918F-C7ABF2CF7224}"
EndProject
Project("{2150E333-8FDC-42A3-9474-1A3956D46DE8}") = "Infraestructure", "Infraestructure", "{0921E846-E15E-438C-8A00-559E259ACEF7}"
EndProject
Project("{2150E333-8FDC-42A3-9474-1A3956D46DE8}") = "Microservices", "Microservices", "{36E3610A-04BF-4E25-B1C5-B0380264F2FB}"
EndProject
Project("{FAE04EC0-301F-11D3-BF4B-00C04F79EFBC}") = "EtapaDeJuicio.Application", "EtapaDeJuicio.Application\EtapaDeJuicio.Application.csproj", "{28A4D4E7-BCFB-4485-8034-A2E246E1D064}"
EndProject
Project("{FAE04EC0-301F-11D3-BF4B-00C04F79EFBC}") = "EtapaDeJuicio.Domain", "EtapaDeJuicio.Domain\EtapaDeJuicio.Domain.csproj", "{67B8A2FC-3C0A-4ECF-A578-1CC2E43CE421}"
EndProject
Project("{FAE04EC0-301F-11D3-BF4B-00C04F79EFBC}") = "EtapaDeJuicio.SharedKernel", "EtapaDeJuicio.SharedKernel\EtapaDeJuicio.SharedKernel.csproj", "{C38C953F-B4CE-4F06-A11A-9B76FB523D38}"
EndProject
Project("{FAE04EC0-301F-11D3-BF4B-00C04F79EFBC}") = "EtapaDeJuicio.API.Gateway", "EtapaDeJuicio.API.Gateway\EtapaDeJuicio.API.Gateway.csproj", "{7AE22D9F-35E7-4DF8-B778-5228740672B6}"
EndProject
Project("{FAE04EC0-301F-11D3-BF4B-00C04F79EFBC}") = "EtapaDeJuicio.Infraestructure", "EtapaDeJuicio.Infraestructure\EtapaDeJuicio.Infraestructure.csproj", "{1FD3326A-3445-43CE-9053-2C4E5C7203FB}"
EndProject
Project("{FAE04EC0-301F-11D3-BF4B-00C04F79EFBC}") = "EtapaDeJuicio.GestorDeAudiencias", "EtapaDeJuicio.GestorDeAudiencias\EtapaDeJuicio.GestorDeAudiencias.csproj", "{309E7A88-A973-4CBB-9FB9-BDC499E8B76A}"
EndProject
Project("{FAE04EC0-301F-11D3-BF4B-00C04F79EFBC}") = "EtapaDeJuicio.GestorDeInterrogatorios", "EtapaDeJuicio.GestorDeInterrogatorios\EtapaDeJuicio.GestorDeInterrogatorios.csproj", "{3BA6FA4C-D789-4F97-B3BB-4CADE153FEC8}"
EndProject
Project("{FAE04EC0-301F-11D3-BF4B-00C04F79EFBC}") = "EtapaDeJuicio.GestorDePruebas", "EtapaDeJuicio.GestorDePruebas\EtapaDeJuicio.GestorDePruebas.csproj", "{A62D2165-2345-4BD4-A6DC-C2A47FBB3C5A}"
EndProject
Project("{FAE04EC0-301F-11D3-BF4B-00C04F79EFBC}") = "EtapaDeJuicio.GestorDeSentencias", "EtapaDeJuicio.GestorDeSentencias\EtapaDeJuicio.GestorDeSentencias.csproj", "{4D327EC8-BD69-4877-B2CE-925F5E1329AE}"
EndProject
Project("{FAE04EC0-301F-11D3-BF4B-00C04F79EFBC}") = "EtapaDeJuicio.GestorDeUsuario", "EtapaDeJuicio.GestorDeUsuario\EtapaDeJuicio.GestorDeUsuario.csproj", "{23D3C38D-CD25-41EE-9877-36486522A247}"
EndProject
Project("{FAE04EC0-301F-11D3-BF4B-00C04F79EFBC}") = "EtapaDeJuicio.API.Tests", "EtapaDeJuicio.API.Tests\EtapaDeJuicio.API.Tests.csproj", "{9C8E2822-B32A-4AA3-A3D5-99E8D3F53B10}"
EndProject
Project("{FAE04EC0-301F-11D3-BF4B-00C04F79EFBC}") = "EtapaDeJuicio.Application.Tests", "EtapaDeJuicio.Application.Tests\EtapaDeJuicio.Application.Tests.csproj", "{FDF19E1E-321E-4BB4-8DA7-F331C7085C97}"
EndProject
Project("{FAE04EC0-301F-11D3-BF4B-00C04F79EFBC}") = "EtapaDeJuicio.Domain.Tests", "EtapaDeJuicio.Domain.Tests\EtapaDeJuicio.Domain.Tests.csproj", "{8D06ADFB-4333-4F98-98CB-27176150463A}"
EndProject
Project("{FAE04EC0-301F-11D3-BF4B-00C04F79EFBC}") = "EtapaDeJuicio.Infraestructure.Tests", "EtapaDeJuicio.Infraestructure.Tests\EtapaDeJuicio.Infraestructure.Tests.csproj", "{226D7A94-18B9-449E-844F-3E17A3733F45}"
EndProject
Project("{FAE04EC0-301F-11D3-BF4B-00C04F79EFBC}") = "EtapaDeJuicio.Integration.Tests", "EtapaDeJuicio.Integration.Tests\EtapaDeJuicio.Integration.Tests.csproj", "{903124F5-2C75-485C-A78F-CEFB896D26FF}"
EndProject
Project("{FAE04EC0-301F-11D3-BF4B-00C04F79EFBC}") = "EtapaDeJuicio.UI.Web", "EtapaDeJuicio.UI.Web\EtapaDeJuicio.UI.Web.csproj", "{0229FAFA-F924-4E51-839D-069DA0991991}"
EndProject
Global
	GlobalSection(SolutionConfigurationPlatforms) = preSolution
		Debug|Any CPU = Debug|Any CPU
		Release|Any CPU = Release|Any CPU
	EndGlobalSection
	GlobalSection(ProjectConfigurationPlatforms) = postSolution
		{28A4D4E7-BCFB-4485-8034-A2E246E1D064}.Debug|Any CPU.ActiveCfg = Debug|Any CPU
		{28A4D4E7-BCFB-4485-8034-A2E246E1D064}.Debug|Any CPU.Build.0 = Debug|Any CPU
		{28A4D4E7-BCFB-4485-8034-A2E246E1D064}.Release|Any CPU.ActiveCfg = Release|Any CPU
		{28A4D4E7-BCFB-4485-8034-A2E246E1D064}.Release|Any CPU.Build.0 = Release|Any CPU
		{67B8A2FC-3C0A-4ECF-A578-1CC2E43CE421}.Debug|Any CPU.ActiveCfg = Debug|Any CPU
		{67B8A2FC-3C0A-4ECF-A578-1CC2E43CE421}.Debug|Any CPU.Build.0 = Debug|Any CPU
		{67B8A2FC-3C0A-4ECF-A578-1CC2E43CE421}.Release|Any CPU.ActiveCfg = Release|Any CPU
		{67B8A2FC-3C0A-4ECF-A578-1CC2E43CE421}.Release|Any CPU.Build.0 = Release|Any CPU
		{C38C953F-B4CE-4F06-A11A-9B76FB523D38}.Debug|Any CPU.ActiveCfg = Debug|Any CPU
		{C38C953F-B4CE-4F06-A11A-9B76FB523D38}.Debug|Any CPU.Build.0 = Debug|Any CPU
		{C38C953F-B4CE-4F06-A11A-9B76FB523D38}.Release|Any CPU.ActiveCfg = Release|Any CPU
		{C38C953F-B4CE-4F06-A11A-9B76FB523D38}.Release|Any CPU.Build.0 = Release|Any CPU
		{7AE22D9F-35E7-4DF8-B778-5228740672B6}.Debug|Any CPU.ActiveCfg = Debug|Any CPU
		{7AE22D9F-35E7-4DF8-B778-5228740672B6}.Debug|Any CPU.Build.0 = Debug|Any CPU
		{7AE22D9F-35E7-4DF8-B778-5228740672B6}.Release|Any CPU.ActiveCfg = Release|Any CPU
		{7AE22D9F-35E7-4DF8-B778-5228740672B6}.Release|Any CPU.Build.0 = Release|Any CPU
		{1FD3326A-3445-43CE-9053-2C4E5C7203FB}.Debug|Any CPU.ActiveCfg = Debug|Any CPU
		{1FD3326A-3445-43CE-9053-2C4E5C7203FB}.Debug|Any CPU.Build.0 = Debug|Any CPU
		{1FD3326A-3445-43CE-9053-2C4E5C7203FB}.Release|Any CPU.ActiveCfg = Release|Any CPU
		{1FD3326A-3445-43CE-9053-2C4E5C7203FB}.Release|Any CPU.Build.0 = Release|Any CPU
		{309E7A88-A973-4CBB-9FB9-BDC499E8B76A}.Debug|Any CPU.ActiveCfg = Debug|Any CPU
		{309E7A88-A973-4CBB-9FB9-BDC499E8B76A}.Debug|Any CPU.Build.0 = Debug|Any CPU
		{309E7A88-A973-4CBB-9FB9-BDC499E8B76A}.Release|Any CPU.ActiveCfg = Release|Any CPU
		{309E7A88-A973-4CBB-9FB9-BDC499E8B76A}.Release|Any CPU.Build.0 = Release|Any CPU
		{3BA6FA4C-D789-4F97-B3BB-4CADE153FEC8}.Debug|Any CPU.ActiveCfg = Debug|Any CPU
		{3BA6FA4C-D789-4F97-B3BB-4CADE153FEC8}.Debug|Any CPU.Build.0 = Debug|Any CPU
		{3BA6FA4C-D789-4F97-B3BB-4CADE153FEC8}.Release|Any CPU.ActiveCfg = Release|Any CPU
		{3BA6FA4C-D789-4F97-B3BB-4CADE153FEC8}.Release|Any CPU.Build.0 = Release|Any CPU
		{A62D2165-2345-4BD4-A6DC-C2A47FBB3C5A}.Debug|Any CPU.ActiveCfg = Debug|Any CPU
		{A62D2165-2345-4BD4-A6DC-C2A47FBB3C5A}.Debug|Any CPU.Build.0 = Debug|Any CPU
		{A62D2165-2345-4BD4-A6DC-C2A47FBB3C5A}.Release|Any CPU.ActiveCfg = Release|Any CPU
		{A62D2165-2345-4BD4-A6DC-C2A47FBB3C5A}.Release|Any CPU.Build.0 = Release|Any CPU
		{4D327EC8-BD69-4877-B2CE-925F5E1329AE}.Debug|Any CPU.ActiveCfg = Debug|Any CPU
		{4D327EC8-BD69-4877-B2CE-925F5E1329AE}.Debug|Any CPU.Build.0 = Debug|Any CPU
		{4D327EC8-BD69-4877-B2CE-925F5E1329AE}.Release|Any CPU.ActiveCfg = Release|Any CPU
		{4D327EC8-BD69-4877-B2CE-925F5E1329AE}.Release|Any CPU.Build.0 = Release|Any CPU
		{23D3C38D-CD25-41EE-9877-36486522A247}.Debug|Any CPU.ActiveCfg = Debug|Any CPU
		{23D3C38D-CD25-41EE-9877-36486522A247}.Debug|Any CPU.Build.0 = Debug|Any CPU
		{23D3C38D-CD25-41EE-9877-36486522A247}.Release|Any CPU.ActiveCfg = Release|Any CPU
		{23D3C38D-CD25-41EE-9877-36486522A247}.Release|Any CPU.Build.0 = Release|Any CPU
		{9C8E2822-B32A-4AA3-A3D5-99E8D3F53B10}.Debug|Any CPU.ActiveCfg = Debug|Any CPU
		{9C8E2822-B32A-4AA3-A3D5-99E8D3F53B10}.Debug|Any CPU.Build.0 = Debug|Any CPU
		{9C8E2822-B32A-4AA3-A3D5-99E8D3F53B10}.Release|Any CPU.ActiveCfg = Release|Any CPU
		{9C8E2822-B32A-4AA3-A3D5-99E8D3F53B10}.Release|Any CPU.Build.0 = Release|Any CPU
		{FDF19E1E-321E-4BB4-8DA7-F331C7085C97}.Debug|Any CPU.ActiveCfg = Debug|Any CPU
		{FDF19E1E-321E-4BB4-8DA7-F331C7085C97}.Debug|Any CPU.Build.0 = Debug|Any CPU
		{FDF19E1E-321E-4BB4-8DA7-F331C7085C97}.Release|Any CPU.ActiveCfg = Release|Any CPU
		{FDF19E1E-321E-4BB4-8DA7-F331C7085C97}.Release|Any CPU.Build.0 = Release|Any CPU
		{8D06ADFB-4333-4F98-98CB-27176150463A}.Debug|Any CPU.ActiveCfg = Debug|Any CPU
		{8D06ADFB-4333-4F98-98CB-27176150463A}.Debug|Any CPU.Build.0 = Debug|Any CPU
		{8D06ADFB-4333-4F98-98CB-27176150463A}.Release|Any CPU.ActiveCfg = Release|Any CPU
		{8D06ADFB-4333-4F98-98CB-27176150463A}.Release|Any CPU.Build.0 = Release|Any CPU
		{226D7A94-18B9-449E-844F-3E17A3733F45}.Debug|Any CPU.ActiveCfg = Debug|Any CPU
		{226D7A94-18B9-449E-844F-3E17A3733F45}.Debug|Any CPU.Build.0 = Debug|Any CPU
		{226D7A94-18B9-449E-844F-3E17A3733F45}.Release|Any CPU.ActiveCfg = Release|Any CPU
		{226D7A94-18B9-449E-844F-3E17A3733F45}.Release|Any CPU.Build.0 = Release|Any CPU
		{903124F5-2C75-485C-A78F-CEFB896D26FF}.Debug|Any CPU.ActiveCfg = Debug|Any CPU
		{903124F5-2C75-485C-A78F-CEFB896D26FF}.Debug|Any CPU.Build.0 = Debug|Any CPU
		{903124F5-2C75-485C-A78F-CEFB896D26FF}.Release|Any CPU.ActiveCfg = Release|Any CPU
		{903124F5-2C75-485C-A78F-CEFB896D26FF}.Release|Any CPU.Build.0 = Release|Any CPU
		{0229FAFA-F924-4E51-839D-069DA0991991}.Debug|Any CPU.ActiveCfg = Debug|Any CPU
		{0229FAFA-F924-4E51-839D-069DA0991991}.Debug|Any CPU.Build.0 = Debug|Any CPU
		{0229FAFA-F924-4E51-839D-069DA0991991}.Release|Any CPU.ActiveCfg = Release|Any CPU
		{0229FAFA-F924-4E51-839D-069DA0991991}.Release|Any CPU.Build.0 = Release|Any CPU
	EndGlobalSection
	GlobalSection(SolutionProperties) = preSolution
		HideSolutionNode = FALSE
	EndGlobalSection
	GlobalSection(NestedProjects) = preSolution
		{E5D25AF6-B413-46E4-918F-C7ABF2CF7224} = {4B12ED87-FE90-49F1-9723-F3110ACA7D90}
		{0921E846-E15E-438C-8A00-559E259ACEF7} = {4B12ED87-FE90-49F1-9723-F3110ACA7D90}
		{36E3610A-04BF-4E25-B1C5-B0380264F2FB} = {4B12ED87-FE90-49F1-9723-F3110ACA7D90}
		{28A4D4E7-BCFB-4485-8034-A2E246E1D064} = {E5D25AF6-B413-46E4-918F-C7ABF2CF7224}
		{67B8A2FC-3C0A-4ECF-A578-1CC2E43CE421} = {E5D25AF6-B413-46E4-918F-C7ABF2CF7224}
		{C38C953F-B4CE-4F06-A11A-9B76FB523D38} = {E5D25AF6-B413-46E4-918F-C7ABF2CF7224}
		{7AE22D9F-35E7-4DF8-B778-5228740672B6} = {0921E846-E15E-438C-8A00-559E259ACEF7}
		{1FD3326A-3445-43CE-9053-2C4E5C7203FB} = {0921E846-E15E-438C-8A00-559E259ACEF7}
		{309E7A88-A973-4CBB-9FB9-BDC499E8B76A} = {36E3610A-04BF-4E25-B1C5-B0380264F2FB}
		{3BA6FA4C-D789-4F97-B3BB-4CADE153FEC8} = {36E3610A-04BF-4E25-B1C5-B0380264F2FB}
		{A62D2165-2345-4BD4-A6DC-C2A47FBB3C5A} = {36E3610A-04BF-4E25-B1C5-B0380264F2FB}
		{4D327EC8-BD69-4877-B2CE-925F5E1329AE} = {36E3610A-04BF-4E25-B1C5-B0380264F2FB}
		{23D3C38D-CD25-41EE-9877-36486522A247} = {36E3610A-04BF-4E25-B1C5-B0380264F2FB}
		{9C8E2822-B32A-4AA3-A3D5-99E8D3F53B10} = {B7B2A75C-68F2-49A3-93C7-5CB49532C010}
		{FDF19E1E-321E-4BB4-8DA7-F331C7085C97} = {B7B2A75C-68F2-49A3-93C7-5CB49532C010}
		{8D06ADFB-4333-4F98-98CB-27176150463A} = {B7B2A75C-68F2-49A3-93C7-5CB49532C010}
		{226D7A94-18B9-449E-844F-3E17A3733F45} = {B7B2A75C-68F2-49A3-93C7-5CB49532C010}
		{903124F5-2C75-485C-A78F-CEFB896D26FF} = {B7B2A75C-68F2-49A3-93C7-5CB49532C010}
	EndGlobalSection
EndGlobal
